{
  "nodes": {
    "llvm-project": {
      "flake": false,
      "locked": {
        "lastModified": 1708533622,
        "narHash": "sha256-j2mmR9gmp695llnY9ulcjXlkEXXyw2xvXDPegqyv+qs=",
        "owner": "llvm",
        "repo": "llvm-project",
        "rev": "162fa4dd25d631d0ab7816ec6081bcaff951a23c",
        "type": "github"
      },
      "original": {
        "owner": "llvm",
        "repo": "llvm-project",
        "type": "github"
      }
    },
    "nixpkgs": {
      "locked": {
        "lastModified": 1708440434,
        "narHash": "sha256-XY+B9mbhL/i+Q6fP6gBQ6P76rv9rWtpjQiUJ+DGtaUg=",
        "owner": "NixOS",
        "repo": "nixpkgs",
        "rev": "526d051b128b82ae045a70e5ff1adf8e6dafa560",
        "type": "github"
      },
      "original": {
        "id": "nixpkgs",
        "ref": "nixos-23.11",
        "type": "indirect"
      }
    },
    "root": {
      "inputs": {
        "llvm-project": "llvm-project",
        "nixpkgs": "nixpkgs"
      }
    }
  },
  "root": "root",
  "version": 7
}
