{
  "nodes": {
    "llvm-project": {
      "flake": false,
      "locked": {
        "lastModified": 1707055315,
        "narHash": "sha256-p32s/Z4OCKdhoVW8GtE6/uCy3m+R8mW8xBwBBNw1Eic=",
        "owner": "llvm",
        "repo": "llvm-project",
        "rev": "114a33be4751328c549c6b8b05e9ece19e452189",
        "type": "github"
      },
      "original": {
        "owner": "llvm",
        "repo": "llvm-project",
        "type": "github"
      }
    },
    "nixpkgs": {
      "locked": {
        "lastModified": 1706826059,
        "narHash": "sha256-N69Oab+cbt3flLvYv8fYnEHlBsWwdKciNZHUbynVEOA=",
        "owner": "NixOS",
        "repo": "nixpkgs",
        "rev": "25e3d4c0d3591c99929b1ec07883177f6ea70c9d",
        "type": "github"
      },
      "original": {
        "id": "nixpkgs",
        "ref": "nixos-23.11",
        "type": "indirect"
      }
    },
    "root": {
      "inputs": {
        "llvm-project": "llvm-project",
        "nixpkgs": "nixpkgs"
      }
    }
  },
  "root": "root",
  "version": 7
}
